// !$*UTF8*$!
{
	archiveVersion = 1;
	classes = {
	};
	objectVersion = 50;
	objects = {

/* Begin PBXBuildFile section */
		A81848C42661BA9F00CCB6DF /* 130 - Roman Roulette.cpp in Sources */ = {isa = PBXBuildFile; fileRef = A81848C32661BA9F00CCB6DF /* 130 - Roman Roulette.cpp */; };
		A81D6A122799105B00E9C9BD /* 144 - Student Grants.cpp in Sources */ = {isa = PBXBuildFile; fileRef = A81D6A112799105B00E9C9BD /* 144 - Student Grants.cpp */; };
		A81D6A14279943BF00E9C9BD /* 145 - Gondwanaland Telecom.cpp in Sources */ = {isa = PBXBuildFile; fileRef = A81D6A13279943BF00E9C9BD /* 145 - Gondwanaland Telecom.cpp */; };
		A81D6A1627998E2F00E9C9BD /* 146 - ID Codes.cpp in Sources */ = {isa = PBXBuildFile; fileRef = A81D6A1527998E2F00E9C9BD /* 146 - ID Codes.cpp */; };
		A81D6A1E27998EF500E9C9BD /* 10035.cpp in Sources */ = {isa = PBXBuildFile; fileRef = A81D6A1927998EF500E9C9BD /* 10035.cpp */; };
		A81D6A222799A6F400E9C9BD /* 148 - Anagram checker.cpp in Sources */ = {isa = PBXBuildFile; fileRef = A81D6A212799A6F400E9C9BD /* 148 - Anagram checker.cpp */; };
		A81D6A242799AC2B00E9C9BD /* 147 - Dollars.cpp in Sources */ = {isa = PBXBuildFile; fileRef = A81D6A232799AC2B00E9C9BD /* 147 - Dollars.cpp */; };
		A821E4D925E5288F00B245BF /* 101 - The Blocks Problem.cpp in Sources */ = {isa = PBXBuildFile; fileRef = A821E4D825E5288F00B245BF /* 101 - The Blocks Problem.cpp */; };
		A823FAC02662824A00D7478D /* 131 - The Psychic Poker Player.cpp in Sources */ = {isa = PBXBuildFile; fileRef = A823FABF2662824A00D7478D /* 131 - The Psychic Poker Player.cpp */; };
		A828581225E8BAA9001D1860 /* 102 - Ecological Bin Packing.cpp in Sources */ = {isa = PBXBuildFile; fileRef = A828581125E8BAA9001D1860 /* 102 - Ecological Bin Packing.cpp */; };
		A848894A2652C7030005FDE0 /* 128 - Software CRC.cpp in Sources */ = {isa = PBXBuildFile; fileRef = A84889492652C7030005FDE0 /* 128 - Software CRC.cpp */; };
		A84CF2DC2669AC5200C9D185 /* 134 - Loglan-A Logical Language.cpp in Sources */ = {isa = PBXBuildFile; fileRef = A84CF2DB2669AC5200C9D185 /* 134 - Loglan-A Logical Language.cpp */; };
		A8523C0F2644A78C00413956 /* 110 - Meta-Loopless Sorts.cpp in Sources */ = {isa = PBXBuildFile; fileRef = A8523C0E2644A78C00413956 /* 110 - Meta-Loopless Sorts.cpp */; };
		A8523C132646117100413956 /* t.cpp in Sources */ = {isa = PBXBuildFile; fileRef = A8523C122646117100413956 /* t.cpp */; };
		A8523C152646561F00413956 /* 104 - Arbitrage.cpp in Sources */ = {isa = PBXBuildFile; fileRef = A8523C142646561F00413956 /* 104 - Arbitrage.cpp */; };
		A8523C172646CF6900413956 /* 106 - Fermat vs. Pythagoras.cpp in Sources */ = {isa = PBXBuildFile; fileRef = A8523C162646CF6800413956 /* 106 - Fermat vs. Pythagoras.cpp */; };
		A8523C19264756D000413956 /* 107 - The Cat in the Hat.cpp in Sources */ = {isa = PBXBuildFile; fileRef = A8523C18264756D000413956 /* 107 - The Cat in the Hat.cpp */; };
		A8523C1B2647C25500413956 /* 111 - History Grading.cpp in Sources */ = {isa = PBXBuildFile; fileRef = A8523C1A2647C25500413956 /* 111 - History Grading.cpp */; };
		A8523C1D26488D6D00413956 /* 112 - Tree Summing.cpp in Sources */ = {isa = PBXBuildFile; fileRef = A8523C1C26488D6D00413956 /* 112 - Tree Summing.cpp */; };
		A8523C1F26496B7900413956 /* 113 - Power of Cryptography.cpp in Sources */ = {isa = PBXBuildFile; fileRef = A8523C1E26496B7900413956 /* 113 - Power of Cryptography.cpp */; };
		A8523C212649F9C300413956 /* 115 - Climbing Trees.cpp in Sources */ = {isa = PBXBuildFile; fileRef = A8523C202649F9C300413956 /* 115 - Climbing Trees.cpp */; };
		A8523C23264ABC2500413956 /* 116 - Unidirectional TSP.cpp in Sources */ = {isa = PBXBuildFile; fileRef = A8523C22264ABC2500413956 /* 116 - Unidirectional TSP.cpp */; };
		A8523C25264BBF5200413956 /* Farey sequence.cpp in Sources */ = {isa = PBXBuildFile; fileRef = A8523C24264BBF5200413956 /* Farey sequence.cpp */; };
		A852EFE527809895000AE86A /* 140 - Bandwidth.cpp in Sources */ = {isa = PBXBuildFile; fileRef = A852EFE427809895000AE86A /* 140 - Bandwidth.cpp */; };
		A85A184B279591390050A9E1 /* 143 - Orchard Trees.cpp in Sources */ = {isa = PBXBuildFile; fileRef = A85A184A279591390050A9E1 /* 143 - Orchard Trees.cpp */; };
		A876685725E50AA500F7F695 /* 100 - The 3n + 1 problem.cpp in Sources */ = {isa = PBXBuildFile; fileRef = A876685525E50AA500F7F695 /* 100 - The 3n + 1 problem.cpp */; };
		A8768A6B26060020003EA838 /* Simple Base Conversion.cpp in Sources */ = {isa = PBXBuildFile; fileRef = A8768A6A26060020003EA838 /* Simple Base Conversion.cpp */; };
		A87F9AD02642E2D10092A7BA /* 105 - The Skyline Problem.cpp in Sources */ = {isa = PBXBuildFile; fileRef = A87F9ACF2642E2D10092A7BA /* 105 - The Skyline Problem.cpp */; };
		A87F9B1026439C910092A7BA /* 108 - Maximum Sum.cpp in Sources */ = {isa = PBXBuildFile; fileRef = A87F9B0F26439C910092A7BA /* 108 - Maximum Sum.cpp */; };
		A88A3499264E165C00B42970 /* 121 - Pipe Fitters.cpp in Sources */ = {isa = PBXBuildFile; fileRef = A88A3498264E165C00B42970 /* 121 - Pipe Fitters.cpp */; };
		A88A349B264E519300B42970 /* 122 - Trees on the level.cpp in Sources */ = {isa = PBXBuildFile; fileRef = A88A349A264E519300B42970 /* 122 - Trees on the level.cpp */; };
		A88A349D264EA79A00B42970 /* 123 - Searching Quickly.cpp in Sources */ = {isa = PBXBuildFile; fileRef = A88A349C264EA79A00B42970 /* 123 - Searching Quickly.cpp */; };
		A88A349F264F490800B42970 /* 124 - Following Orders.cpp in Sources */ = {isa = PBXBuildFile; fileRef = A88A349E264F490800B42970 /* 124 - Following Orders.cpp */; };
		A88A34A126504BF600B42970 /* 125 - Numbering Paths.cpp in Sources */ = {isa = PBXBuildFile; fileRef = A88A34A026504BF600B42970 /* 125 - Numbering Paths.cpp */; };
		A88A34A32650B67E00B42970 /* 126 - The Errant Physicist.cpp in Sources */ = {isa = PBXBuildFile; fileRef = A88A34A22650B67E00B42970 /* 126 - The Errant Physicist.cpp */; };
		A88A34A526518AAD00B42970 /* 127 - "Accordian" Patience.cpp in Sources */ = {isa = PBXBuildFile; fileRef = A88A34A426518AAD00B42970 /* 127 - "Accordian" Patience.cpp */; };
		A88AB6782783464E00FA582F /* 142 - Mouse Clicks.cpp in Sources */ = {isa = PBXBuildFile; fileRef = A88AB6772783464E00FA582F /* 142 - Mouse Clicks.cpp */; };
		A88D8B6D2665B43800491815 /* 133 - The Dole Queue.cpp in Sources */ = {isa = PBXBuildFile; fileRef = A88D8B6C2665B43800491815 /* 133 - The Dole Queue.cpp */; };
		A89B255626548D6C004BEC60 /* 129 - Krypton Factor.cpp in Sources */ = {isa = PBXBuildFile; fileRef = A89B255526548D6C004BEC60 /* 129 - Krypton Factor.cpp */; };
		A89EDAC02675ABE600E78D4A /* 10008 - What's Cryptanalysis?.cpp in Sources */ = {isa = PBXBuildFile; fileRef = A89EDABF2675ABE600E78D4A /* 10008 - What's Cryptanalysis?.cpp */; };
		A89EDAC22675B85D00E78D4A /* 10222 - Decode the Mad man.cpp in Sources */ = {isa = PBXBuildFile; fileRef = A89EDAC12675B85D00E78D4A /* 10222 - Decode the Mad man.cpp */; };
		A8A84B2D259DD76400484497 /* GhostHunting.cpp in Sources */ = {isa = PBXBuildFile; fileRef = A8A84B2C259DD76400484497 /* GhostHunting.cpp */; };
		A8B6DF18264BDA83005AC3E0 /* 117 - The Postal Worker Rings Once.cpp in Sources */ = {isa = PBXBuildFile; fileRef = A8B6DF17264BDA83005AC3E0 /* 117 - The Postal Worker Rings Once.cpp */; };
		A8B6DF1A264C16EE005AC3E0 /* 118 - Mutant Flatworld Explorers.cpp in Sources */ = {isa = PBXBuildFile; fileRef = A8B6DF19264C16EE005AC3E0 /* 118 - Mutant Flatworld Explorers.cpp */; };
		A8B6DF1C264C87AC005AC3E0 /* 119 - Greedy Gift Givers.cpp in Sources */ = {isa = PBXBuildFile; fileRef = A8B6DF1B264C87AC005AC3E0 /* 119 - Greedy Gift Givers.cpp */; };
		A8B6DF1E264CBCEE005AC3E0 /* 120 - Stacks of Flapjacks.cpp in Sources */ = {isa = PBXBuildFile; fileRef = A8B6DF1D264CBCEE005AC3E0 /* 120 - Stacks of Flapjacks.cpp */; };
		A8CE618B27761E3E0098865A /* 135 - No Rectangles.cpp in Sources */ = {isa = PBXBuildFile; fileRef = A8CE618A27761E3E0098865A /* 135 - No Rectangles.cpp */; };
		A8E78372277C5F9900580F5E /* 138 - Street Numbers.cpp in Sources */ = {isa = PBXBuildFile; fileRef = A8E78371277C5F9900580F5E /* 138 - Street Numbers.cpp */; };
		A8E78374277C671900580F5E /* 139 - Telephone Tangles.cpp in Sources */ = {isa = PBXBuildFile; fileRef = A8E78373277C671900580F5E /* 139 - Telephone Tangles.cpp */; };
		A8FD52C125E8E8BE0016154C /* 103 - Stacking Boxes.cpp in Sources */ = {isa = PBXBuildFile; fileRef = A8FD52C025E8E8BE0016154C /* 103 - Stacking Boxes.cpp */; };
		A8FE049E27782AD500933ADA /* 136 - Ugly Numbers.cpp in Sources */ = {isa = PBXBuildFile; fileRef = A8FE049D27782AD500933ADA /* 136 - Ugly Numbers.cpp */; };
/* End PBXBuildFile section */

/* Begin PBXCopyFilesBuildPhase section */
		A8A84B27259DD76400484497 /* CopyFiles */ = {
			isa = PBXCopyFilesBuildPhase;
			buildActionMask = 2147483647;
			dstPath = /usr/share/man/man1/;
			dstSubfolderSpec = 0;
			files = (
			);
			runOnlyForDeploymentPostprocessing = 1;
		};
/* End PBXCopyFilesBuildPhase section */

/* Begin PBXFileReference section */
		A81848C32661BA9F00CCB6DF /* 130 - Roman Roulette.cpp */ = {isa = PBXFileReference; lastKnownFileType = sourcecode.cpp.cpp; path = "130 - Roman Roulette.cpp"; sourceTree = "<group>"; };
		A81D6A112799105B00E9C9BD /* 144 - Student Grants.cpp */ = {isa = PBXFileReference; lastKnownFileType = sourcecode.cpp.cpp; path = "144 - Student Grants.cpp"; sourceTree = "<group>"; };
		A81D6A13279943BF00E9C9BD /* 145 - Gondwanaland Telecom.cpp */ = {isa = PBXFileReference; lastKnownFileType = sourcecode.cpp.cpp; path = "145 - Gondwanaland Telecom.cpp"; sourceTree = "<group>"; };
		A81D6A1527998E2F00E9C9BD /* 146 - ID Codes.cpp */ = {isa = PBXFileReference; lastKnownFileType = sourcecode.cpp.cpp; path = "146 - ID Codes.cpp"; sourceTree = "<group>"; };
		A81D6A1927998EF500E9C9BD /* 10035.cpp */ = {isa = PBXFileReference; fileEncoding = 4; lastKnownFileType = sourcecode.cpp.cpp; path = 10035.cpp; sourceTree = "<group>"; };
		A81D6A212799A6F400E9C9BD /* 148 - Anagram checker.cpp */ = {isa = PBXFileReference; lastKnownFileType = sourcecode.cpp.cpp; path = "148 - Anagram checker.cpp"; sourceTree = "<group>"; };
		A81D6A232799AC2B00E9C9BD /* 147 - Dollars.cpp */ = {isa = PBXFileReference; lastKnownFileType = sourcecode.cpp.cpp; path = "147 - Dollars.cpp"; sourceTree = "<group>"; };
		A821E4D825E5288F00B245BF /* 101 - The Blocks Problem.cpp */ = {isa = PBXFileReference; lastKnownFileType = sourcecode.cpp.cpp; path = "101 - The Blocks Problem.cpp"; sourceTree = "<group>"; };
		A823FABF2662824A00D7478D /* 131 - The Psychic Poker Player.cpp */ = {isa = PBXFileReference; lastKnownFileType = sourcecode.cpp.cpp; path = "131 - The Psychic Poker Player.cpp"; sourceTree = "<group>"; };
		A828581125E8BAA9001D1860 /* 102 - Ecological Bin Packing.cpp */ = {isa = PBXFileReference; lastKnownFileType = sourcecode.cpp.cpp; path = "102 - Ecological Bin Packing.cpp"; sourceTree = "<group>"; };
		A84889492652C7030005FDE0 /* 128 - Software CRC.cpp */ = {isa = PBXFileReference; lastKnownFileType = sourcecode.cpp.cpp; path = "128 - Software CRC.cpp"; sourceTree = "<group>"; };
		A84CF2DB2669AC5200C9D185 /* 134 - Loglan-A Logical Language.cpp */ = {isa = PBXFileReference; lastKnownFileType = sourcecode.cpp.cpp; path = "134 - Loglan-A Logical Language.cpp"; sourceTree = "<group>"; };
		A8523C0E2644A78C00413956 /* 110 - Meta-Loopless Sorts.cpp */ = {isa = PBXFileReference; lastKnownFileType = sourcecode.cpp.cpp; path = "110 - Meta-Loopless Sorts.cpp"; sourceTree = "<group>"; };
		A8523C122646117100413956 /* t.cpp */ = {isa = PBXFileReference; lastKnownFileType = sourcecode.cpp.cpp; path = t.cpp; sourceTree = "<group>"; };
		A8523C142646561F00413956 /* 104 - Arbitrage.cpp */ = {isa = PBXFileReference; lastKnownFileType = sourcecode.cpp.cpp; path = "104 - Arbitrage.cpp"; sourceTree = "<group>"; };
		A8523C162646CF6800413956 /* 106 - Fermat vs. Pythagoras.cpp */ = {isa = PBXFileReference; lastKnownFileType = sourcecode.cpp.cpp; path = "106 - Fermat vs. Pythagoras.cpp"; sourceTree = "<group>"; };
		A8523C18264756D000413956 /* 107 - The Cat in the Hat.cpp */ = {isa = PBXFileReference; lastKnownFileType = sourcecode.cpp.cpp; path = "107 - The Cat in the Hat.cpp"; sourceTree = "<group>"; };
		A8523C1A2647C25500413956 /* 111 - History Grading.cpp */ = {isa = PBXFileReference; lastKnownFileType = sourcecode.cpp.cpp; path = "111 - History Grading.cpp"; sourceTree = "<group>"; };
		A8523C1C26488D6D00413956 /* 112 - Tree Summing.cpp */ = {isa = PBXFileReference; lastKnownFileType = sourcecode.cpp.cpp; path = "112 - Tree Summing.cpp"; sourceTree = "<group>"; };
		A8523C1E26496B7900413956 /* 113 - Power of Cryptography.cpp */ = {isa = PBXFileReference; lastKnownFileType = sourcecode.cpp.cpp; path = "113 - Power of Cryptography.cpp"; sourceTree = "<group>"; };
		A8523C202649F9C300413956 /* 115 - Climbing Trees.cpp */ = {isa = PBXFileReference; lastKnownFileType = sourcecode.cpp.cpp; path = "115 - Climbing Trees.cpp"; sourceTree = "<group>"; };
		A8523C22264ABC2500413956 /* 116 - Unidirectional TSP.cpp */ = {isa = PBXFileReference; lastKnownFileType = sourcecode.cpp.cpp; path = "116 - Unidirectional TSP.cpp"; sourceTree = "<group>"; };
		A8523C24264BBF5200413956 /* Farey sequence.cpp */ = {isa = PBXFileReference; lastKnownFileType = sourcecode.cpp.cpp; path = "Farey sequence.cpp"; sourceTree = "<group>"; };
		A852EFE427809895000AE86A /* 140 - Bandwidth.cpp */ = {isa = PBXFileReference; lastKnownFileType = sourcecode.cpp.cpp; path = "140 - Bandwidth.cpp"; sourceTree = "<group>"; };
		A85A184A279591390050A9E1 /* 143 - Orchard Trees.cpp */ = {isa = PBXFileReference; lastKnownFileType = sourcecode.cpp.cpp; path = "143 - Orchard Trees.cpp"; sourceTree = "<group>"; };
		A876685525E50AA500F7F695 /* 100 - The 3n + 1 problem.cpp */ = {isa = PBXFileReference; lastKnownFileType = sourcecode.cpp.cpp; path = "100 - The 3n + 1 problem.cpp"; sourceTree = "<group>"; };
		A8768A6A26060020003EA838 /* Simple Base Conversion.cpp */ = {isa = PBXFileReference; lastKnownFileType = sourcecode.cpp.cpp; path = "Simple Base Conversion.cpp"; sourceTree = "<group>"; };
		A87F9ACF2642E2D10092A7BA /* 105 - The Skyline Problem.cpp */ = {isa = PBXFileReference; lastKnownFileType = sourcecode.cpp.cpp; path = "105 - The Skyline Problem.cpp"; sourceTree = "<group>"; };
		A87F9B0F26439C910092A7BA /* 108 - Maximum Sum.cpp */ = {isa = PBXFileReference; lastKnownFileType = sourcecode.cpp.cpp; path = "108 - Maximum Sum.cpp"; sourceTree = "<group>"; };
		A88A3498264E165C00B42970 /* 121 - Pipe Fitters.cpp */ = {isa = PBXFileReference; lastKnownFileType = sourcecode.cpp.cpp; path = "121 - Pipe Fitters.cpp"; sourceTree = "<group>"; };
		A88A349A264E519300B42970 /* 122 - Trees on the level.cpp */ = {isa = PBXFileReference; lastKnownFileType = sourcecode.cpp.cpp; path = "122 - Trees on the level.cpp"; sourceTree = "<group>"; };
		A88A349C264EA79A00B42970 /* 123 - Searching Quickly.cpp */ = {isa = PBXFileReference; lastKnownFileType = sourcecode.cpp.cpp; path = "123 - Searching Quickly.cpp"; sourceTree = "<group>"; };
		A88A349E264F490800B42970 /* 124 - Following Orders.cpp */ = {isa = PBXFileReference; lastKnownFileType = sourcecode.cpp.cpp; path = "124 - Following Orders.cpp"; sourceTree = "<group>"; };
		A88A34A026504BF600B42970 /* 125 - Numbering Paths.cpp */ = {isa = PBXFileReference; lastKnownFileType = sourcecode.cpp.cpp; path = "125 - Numbering Paths.cpp"; sourceTree = "<group>"; };
		A88A34A22650B67E00B42970 /* 126 - The Errant Physicist.cpp */ = {isa = PBXFileReference; lastKnownFileType = sourcecode.cpp.cpp; path = "126 - The Errant Physicist.cpp"; sourceTree = "<group>"; };
		A88A34A426518AAD00B42970 /* 127 - "Accordian" Patience.cpp */ = {isa = PBXFileReference; lastKnownFileType = sourcecode.cpp.cpp; path = "127 - \"Accordian\" Patience.cpp"; sourceTree = "<group>"; };
		A88AB6772783464E00FA582F /* 142 - Mouse Clicks.cpp */ = {isa = PBXFileReference; lastKnownFileType = sourcecode.cpp.cpp; path = "142 - Mouse Clicks.cpp"; sourceTree = "<group>"; };
		A88D8B6C2665B43800491815 /* 133 - The Dole Queue.cpp */ = {isa = PBXFileReference; lastKnownFileType = sourcecode.cpp.cpp; path = "133 - The Dole Queue.cpp"; sourceTree = "<group>"; };
		A89B255526548D6C004BEC60 /* 129 - Krypton Factor.cpp */ = {isa = PBXFileReference; lastKnownFileType = sourcecode.cpp.cpp; path = "129 - Krypton Factor.cpp"; sourceTree = "<group>"; };
		A89EDABF2675ABE600E78D4A /* 10008 - What's Cryptanalysis?.cpp */ = {isa = PBXFileReference; lastKnownFileType = sourcecode.cpp.cpp; path = "10008 - What's Cryptanalysis?.cpp"; sourceTree = "<group>"; };
		A89EDAC12675B85D00E78D4A /* 10222 - Decode the Mad man.cpp */ = {isa = PBXFileReference; lastKnownFileType = sourcecode.cpp.cpp; path = "10222 - Decode the Mad man.cpp"; sourceTree = "<group>"; };
		A8A84B29259DD76400484497 /* OnlineJudge */ = {isa = PBXFileReference; explicitFileType = "compiled.mach-o.executable"; includeInIndex = 0; path = OnlineJudge; sourceTree = BUILT_PRODUCTS_DIR; };
		A8A84B2C259DD76400484497 /* GhostHunting.cpp */ = {isa = PBXFileReference; lastKnownFileType = sourcecode.cpp.cpp; path = GhostHunting.cpp; sourceTree = "<group>"; };
		A8B6DF17264BDA83005AC3E0 /* 117 - The Postal Worker Rings Once.cpp */ = {isa = PBXFileReference; lastKnownFileType = sourcecode.cpp.cpp; path = "117 - The Postal Worker Rings Once.cpp"; sourceTree = "<group>"; };
		A8B6DF19264C16EE005AC3E0 /* 118 - Mutant Flatworld Explorers.cpp */ = {isa = PBXFileReference; lastKnownFileType = sourcecode.cpp.cpp; path = "118 - Mutant Flatworld Explorers.cpp"; sourceTree = "<group>"; };
		A8B6DF1B264C87AC005AC3E0 /* 119 - Greedy Gift Givers.cpp */ = {isa = PBXFileReference; lastKnownFileType = sourcecode.cpp.cpp; path = "119 - Greedy Gift Givers.cpp"; sourceTree = "<group>"; };
		A8B6DF1D264CBCEE005AC3E0 /* 120 - Stacks of Flapjacks.cpp */ = {isa = PBXFileReference; lastKnownFileType = sourcecode.cpp.cpp; path = "120 - Stacks of Flapjacks.cpp"; sourceTree = "<group>"; };
		A8CE618A27761E3E0098865A /* 135 - No Rectangles.cpp */ = {isa = PBXFileReference; lastKnownFileType = sourcecode.cpp.cpp; path = "135 - No Rectangles.cpp"; sourceTree = "<group>"; };
		A8E78371277C5F9900580F5E /* 138 - Street Numbers.cpp */ = {isa = PBXFileReference; lastKnownFileType = sourcecode.cpp.cpp; path = "138 - Street Numbers.cpp"; sourceTree = "<group>"; };
		A8E78373277C671900580F5E /* 139 - Telephone Tangles.cpp */ = {isa = PBXFileReference; lastKnownFileType = sourcecode.cpp.cpp; path = "139 - Telephone Tangles.cpp"; sourceTree = "<group>"; };
		A8FD52C025E8E8BE0016154C /* 103 - Stacking Boxes.cpp */ = {isa = PBXFileReference; lastKnownFileType = sourcecode.cpp.cpp; path = "103 - Stacking Boxes.cpp"; sourceTree = "<group>"; };
		A8FE049D27782AD500933ADA /* 136 - Ugly Numbers.cpp */ = {isa = PBXFileReference; lastKnownFileType = sourcecode.cpp.cpp; path = "136 - Ugly Numbers.cpp"; sourceTree = "<group>"; };
/* End PBXFileReference section */

/* Begin PBXFrameworksBuildPhase section */
		A8A84B26259DD76400484497 /* Frameworks */ = {
			isa = PBXFrameworksBuildPhase;
			buildActionMask = 2147483647;
			files = (
			);
			runOnlyForDeploymentPostprocessing = 0;
		};
/* End PBXFrameworksBuildPhase section */

/* Begin PBXGroup section */
		A8A84B20259DD76400484497 = {
			isa = PBXGroup;
			children = (
				A8A84B2B259DD76400484497 /* OnlineJudge */,
				A8A84B2A259DD76400484497 /* Products */,
			);
			sourceTree = "<group>";
		};
		A8A84B2A259DD76400484497 /* Products */ = {
			isa = PBXGroup;
			children = (
				A8A84B29259DD76400484497 /* OnlineJudge */,
			);
			name = Products;
			sourceTree = "<group>";
		};
		A8A84B2B259DD76400484497 /* OnlineJudge */ = {
			isa = PBXGroup;
			children = (
				A81D6A1527998E2F00E9C9BD /* 146 - ID Codes.cpp */,
				A81D6A212799A6F400E9C9BD /* 148 - Anagram checker.cpp */,
				A81D6A232799AC2B00E9C9BD /* 147 - Dollars.cpp */,
				A81D6A13279943BF00E9C9BD /* 145 - Gondwanaland Telecom.cpp */,
				A88AB6772783464E00FA582F /* 142 - Mouse Clicks.cpp */,
				A85A184A279591390050A9E1 /* 143 - Orchard Trees.cpp */,
				A81D6A112799105B00E9C9BD /* 144 - Student Grants.cpp */,
				A876685525E50AA500F7F695 /* 100 - The 3n + 1 problem.cpp */,
				A821E4D825E5288F00B245BF /* 101 - The Blocks Problem.cpp */,
				A828581125E8BAA9001D1860 /* 102 - Ecological Bin Packing.cpp */,
				A8FD52C025E8E8BE0016154C /* 103 - Stacking Boxes.cpp */,
				A8523C142646561F00413956 /* 104 - Arbitrage.cpp */,
				A87F9ACF2642E2D10092A7BA /* 105 - The Skyline Problem.cpp */,
				A8523C162646CF6800413956 /* 106 - Fermat vs. Pythagoras.cpp */,
				A8523C18264756D000413956 /* 107 - The Cat in the Hat.cpp */,
				A87F9B0F26439C910092A7BA /* 108 - Maximum Sum.cpp */,
				A8523C0E2644A78C00413956 /* 110 - Meta-Loopless Sorts.cpp */,
				A8523C1A2647C25500413956 /* 111 - History Grading.cpp */,
				A8523C1C26488D6D00413956 /* 112 - Tree Summing.cpp */,
				A8523C1E26496B7900413956 /* 113 - Power of Cryptography.cpp */,
				A8523C202649F9C300413956 /* 115 - Climbing Trees.cpp */,
				A8523C22264ABC2500413956 /* 116 - Unidirectional TSP.cpp */,
				A8B6DF17264BDA83005AC3E0 /* 117 - The Postal Worker Rings Once.cpp */,
				A8B6DF19264C16EE005AC3E0 /* 118 - Mutant Flatworld Explorers.cpp */,
				A8B6DF1B264C87AC005AC3E0 /* 119 - Greedy Gift Givers.cpp */,
				A8B6DF1D264CBCEE005AC3E0 /* 120 - Stacks of Flapjacks.cpp */,
				A88A3498264E165C00B42970 /* 121 - Pipe Fitters.cpp */,
				A88A349A264E519300B42970 /* 122 - Trees on the level.cpp */,
				A88A349C264EA79A00B42970 /* 123 - Searching Quickly.cpp */,
				A88A349E264F490800B42970 /* 124 - Following Orders.cpp */,
				A88A34A026504BF600B42970 /* 125 - Numbering Paths.cpp */,
				A8CE618A27761E3E0098865A /* 135 - No Rectangles.cpp */,
				A8FE049D27782AD500933ADA /* 136 - Ugly Numbers.cpp */,
				A8E78371277C5F9900580F5E /* 138 - Street Numbers.cpp */,
				A8E78373277C671900580F5E /* 139 - Telephone Tangles.cpp */,
				A852EFE427809895000AE86A /* 140 - Bandwidth.cpp */,
				A88A34A22650B67E00B42970 /* 126 - The Errant Physicist.cpp */,
				A89EDABF2675ABE600E78D4A /* 10008 - What's Cryptanalysis?.cpp */,
				A89EDAC12675B85D00E78D4A /* 10222 - Decode the Mad man.cpp */,
				A88A34A426518AAD00B42970 /* 127 - "Accordian" Patience.cpp */,
				A84889492652C7030005FDE0 /* 128 - Software CRC.cpp */,
				A89B255526548D6C004BEC60 /* 129 - Krypton Factor.cpp */,
				A81848C32661BA9F00CCB6DF /* 130 - Roman Roulette.cpp */,
				A823FABF2662824A00D7478D /* 131 - The Psychic Poker Player.cpp */,
				A88D8B6C2665B43800491815 /* 133 - The Dole Queue.cpp */,
				A84CF2DB2669AC5200C9D185 /* 134 - Loglan-A Logical Language.cpp */,
				A81D6A1927998EF500E9C9BD /* 10035.cpp */,
				A8523C24264BBF5200413956 /* Farey sequence.cpp */,
				A8A84B2C259DD76400484497 /* GhostHunting.cpp */,
				A8768A6A26060020003EA838 /* Simple Base Conversion.cpp */,
				A8523C122646117100413956 /* t.cpp */,
			);
			path = OnlineJudge;
			sourceTree = "<group>";
		};
/* End PBXGroup section */

/* Begin PBXNativeTarget section */
		A8A84B28259DD76400484497 /* OnlineJudge */ = {
			isa = PBXNativeTarget;
			buildConfigurationList = A8A84B30259DD76400484497 /* Build configuration list for PBXNativeTarget "OnlineJudge" */;
			buildPhases = (
				A8A84B25259DD76400484497 /* Sources */,
				A8A84B26259DD76400484497 /* Frameworks */,
				A8A84B27259DD76400484497 /* CopyFiles */,
			);
			buildRules = (
			);
			dependencies = (
			);
			name = OnlineJudge;
			productName = OnlineJudge;
			productReference = A8A84B29259DD76400484497 /* OnlineJudge */;
			productType = "com.apple.product-type.tool";
		};
/* End PBXNativeTarget section */

/* Begin PBXProject section */
		A8A84B21259DD76400484497 /* Project object */ = {
			isa = PBXProject;
			attributes = {
				LastUpgradeCheck = 1240;
				TargetAttributes = {
					A8A84B28259DD76400484497 = {
						CreatedOnToolsVersion = 12.3;
					};
				};
			};
			buildConfigurationList = A8A84B24259DD76400484497 /* Build configuration list for PBXProject "OnlineJudge" */;
			compatibilityVersion = "Xcode 9.3";
			developmentRegion = en;
			hasScannedForEncodings = 0;
			knownRegions = (
				en,
				Base,
			);
			mainGroup = A8A84B20259DD76400484497;
			productRefGroup = A8A84B2A259DD76400484497 /* Products */;
			projectDirPath = "";
			projectRoot = "";
			targets = (
				A8A84B28259DD76400484497 /* OnlineJudge */,
			);
		};
/* End PBXProject section */

/* Begin PBXSourcesBuildPhase section */
		A8A84B25259DD76400484497 /* Sources */ = {
			isa = PBXSourcesBuildPhase;
			buildActionMask = 2147483647;
			files = (
				A81D6A222799A6F400E9C9BD /* 148 - Anagram checker.cpp in Sources */,
				A8768A6B26060020003EA838 /* Simple Base Conversion.cpp in Sources */,
				A876685725E50AA500F7F695 /* 100 - The 3n + 1 problem.cpp in Sources */,
				A85A184B279591390050A9E1 /* 143 - Orchard Trees.cpp in Sources */,
				A88A349F264F490800B42970 /* 124 - Following Orders.cpp in Sources */,
				A84CF2DC2669AC5200C9D185 /* 134 - Loglan-A Logical Language.cpp in Sources */,
				A8523C172646CF6900413956 /* 106 - Fermat vs. Pythagoras.cpp in Sources */,
				A88AB6782783464E00FA582F /* 142 - Mouse Clicks.cpp in Sources */,
				A8523C0F2644A78C00413956 /* 110 - Meta-Loopless Sorts.cpp in Sources */,
				A8523C1D26488D6D00413956 /* 112 - Tree Summing.cpp in Sources */,
				A89EDAC02675ABE600E78D4A /* 10008 - What's Cryptanalysis?.cpp in Sources */,
				A81D6A1E27998EF500E9C9BD /* 10035.cpp in Sources */,
				A8FD52C125E8E8BE0016154C /* 103 - Stacking Boxes.cpp in Sources */,
				A88A349D264EA79A00B42970 /* 123 - Searching Quickly.cpp in Sources */,
				A89B255626548D6C004BEC60 /* 129 - Krypton Factor.cpp in Sources */,
				A8CE618B27761E3E0098865A /* 135 - No Rectangles.cpp in Sources */,
				A8523C19264756D000413956 /* 107 - The Cat in the Hat.cpp in Sources */,
				A87F9B1026439C910092A7BA /* 108 - Maximum Sum.cpp in Sources */,
				A88A3499264E165C00B42970 /* 121 - Pipe Fitters.cpp in Sources */,
				A88A34A126504BF600B42970 /* 125 - Numbering Paths.cpp in Sources */,
				A8B6DF1E264CBCEE005AC3E0 /* 120 - Stacks of Flapjacks.cpp in Sources */,
				A88A349B264E519300B42970 /* 122 - Trees on the level.cpp in Sources */,
				A8523C1F26496B7900413956 /* 113 - Power of Cryptography.cpp in Sources */,
				A88A34A32650B67E00B42970 /* 126 - The Errant Physicist.cpp in Sources */,
				A8E78374277C671900580F5E /* 139 - Telephone Tangles.cpp in Sources */,
				A88D8B6D2665B43800491815 /* 133 - The Dole Queue.cpp in Sources */,
				A89EDAC22675B85D00E78D4A /* 10222 - Decode the Mad man.cpp in Sources */,
				A8B6DF1C264C87AC005AC3E0 /* 119 - Greedy Gift Givers.cpp in Sources */,
				A8E78372277C5F9900580F5E /* 138 - Street Numbers.cpp in Sources */,
				A81D6A14279943BF00E9C9BD /* 145 - Gondwanaland Telecom.cpp in Sources */,
				A81D6A242799AC2B00E9C9BD /* 147 - Dollars.cpp in Sources */,
				A81848C42661BA9F00CCB6DF /* 130 - Roman Roulette.cpp in Sources */,
				A821E4D925E5288F00B245BF /* 101 - The Blocks Problem.cpp in Sources */,
				A848894A2652C7030005FDE0 /* 128 - Software CRC.cpp in Sources */,
				A823FAC02662824A00D7478D /* 131 - The Psychic Poker Player.cpp in Sources */,
				A8FE049E27782AD500933ADA /* 136 - Ugly Numbers.cpp in Sources */,
				A8A84B2D259DD76400484497 /* GhostHunting.cpp in Sources */,
				A852EFE527809895000AE86A /* 140 - Bandwidth.cpp in Sources */,
				A8B6DF18264BDA83005AC3E0 /* 117 - The Postal Worker Rings Once.cpp in Sources */,
				A828581225E8BAA9001D1860 /* 102 - Ecological Bin Packing.cpp in Sources */,
				A8523C23264ABC2500413956 /* 116 - Unidirectional TSP.cpp in Sources */,
				A81D6A1627998E2F00E9C9BD /* 146 - ID Codes.cpp in Sources */,
				A8523C212649F9C300413956 /* 115 - Climbing Trees.cpp in Sources */,
				A8523C132646117100413956 /* t.cpp in Sources */,
				A81D6A122799105B00E9C9BD /* 144 - Student Grants.cpp in Sources */,
				A8523C25264BBF5200413956 /* Farey sequence.cpp in Sources */,
				A8523C152646561F00413956 /* 104 - Arbitrage.cpp in Sources */,
				A8B6DF1A264C16EE005AC3E0 /* 118 - Mutant Flatworld Explorers.cpp in Sources */,
				A8523C1B2647C25500413956 /* 111 - History Grading.cpp in Sources */,
				A87F9AD02642E2D10092A7BA /* 105 - The Skyline Problem.cpp in Sources */,
				A88A34A526518AAD00B42970 /* 127 - "Accordian" Patience.cpp in Sources */,
			);
			runOnlyForDeploymentPostprocessing = 0;
		};
/* End PBXSourcesBuildPhase section */

/* Begin XCBuildConfiguration section */
		A8A84B2E259DD76400484497 /* Debug */ = {
			isa = XCBuildConfiguration;
			buildSettings = {
				ALWAYS_SEARCH_USER_PATHS = NO;
				CLANG_ANALYZER_NONNULL = YES;
				CLANG_ANALYZER_NUMBER_OBJECT_CONVERSION = YES_AGGRESSIVE;
				CLANG_CXX_LANGUAGE_STANDARD = "gnu++14";
				CLANG_CXX_LIBRARY = "libc++";
				CLANG_ENABLE_MODULES = YES;
				CLANG_ENABLE_OBJC_ARC = YES;
				CLANG_ENABLE_OBJC_WEAK = YES;
				CLANG_WARN_BLOCK_CAPTURE_AUTORELEASING = YES;
				CLANG_WARN_BOOL_CONVERSION = YES;
				CLANG_WARN_COMMA = YES;
				CLANG_WARN_CONSTANT_CONVERSION = YES;
				CLANG_WARN_DEPRECATED_OBJC_IMPLEMENTATIONS = YES;
				CLANG_WARN_DIRECT_OBJC_ISA_USAGE = YES_ERROR;
				CLANG_WARN_DOCUMENTATION_COMMENTS = YES;
				CLANG_WARN_EMPTY_BODY = YES;
				CLANG_WARN_ENUM_CONVERSION = YES;
				CLANG_WARN_INFINITE_RECURSION = YES;
				CLANG_WARN_INT_CONVERSION = YES;
				CLANG_WARN_NON_LITERAL_NULL_CONVERSION = YES;
				CLANG_WARN_OBJC_IMPLICIT_RETAIN_SELF = YES;
				CLANG_WARN_OBJC_LITERAL_CONVERSION = YES;
				CLANG_WARN_OBJC_ROOT_CLASS = YES_ERROR;
				CLANG_WARN_QUOTED_INCLUDE_IN_FRAMEWORK_HEADER = YES;
				CLANG_WARN_RANGE_LOOP_ANALYSIS = YES;
				CLANG_WARN_STRICT_PROTOTYPES = YES;
				CLANG_WARN_SUSPICIOUS_MOVE = YES;
				CLANG_WARN_UNGUARDED_AVAILABILITY = YES_AGGRESSIVE;
				CLANG_WARN_UNREACHABLE_CODE = YES;
				CLANG_WARN__DUPLICATE_METHOD_MATCH = YES;
				COPY_PHASE_STRIP = NO;
				DEBUG_INFORMATION_FORMAT = dwarf;
				ENABLE_STRICT_OBJC_MSGSEND = YES;
				ENABLE_TESTABILITY = YES;
				GCC_C_LANGUAGE_STANDARD = gnu11;
				GCC_DYNAMIC_NO_PIC = NO;
				GCC_NO_COMMON_BLOCKS = YES;
				GCC_OPTIMIZATION_LEVEL = 0;
				GCC_PREPROCESSOR_DEFINITIONS = (
					"DEBUG=1",
					"$(inherited)",
				);
				GCC_WARN_64_TO_32_BIT_CONVERSION = YES;
				GCC_WARN_ABOUT_RETURN_TYPE = YES_ERROR;
				GCC_WARN_UNDECLARED_SELECTOR = YES;
				GCC_WARN_UNINITIALIZED_AUTOS = YES_AGGRESSIVE;
				GCC_WARN_UNUSED_FUNCTION = YES;
				GCC_WARN_UNUSED_VARIABLE = YES;
				MACOSX_DEPLOYMENT_TARGET = 11.1;
				MTL_ENABLE_DEBUG_INFO = INCLUDE_SOURCE;
				MTL_FAST_MATH = YES;
				ONLY_ACTIVE_ARCH = YES;
				SDKROOT = macosx;
			};
			name = Debug;
		};
		A8A84B2F259DD76400484497 /* Release */ = {
			isa = XCBuildConfiguration;
			buildSettings = {
				ALWAYS_SEARCH_USER_PATHS = NO;
				CLANG_ANALYZER_NONNULL = YES;
				CLANG_ANALYZER_NUMBER_OBJECT_CONVERSION = YES_AGGRESSIVE;
				CLANG_CXX_LANGUAGE_STANDARD = "gnu++14";
				CLANG_CXX_LIBRARY = "libc++";
				CLANG_ENABLE_MODULES = YES;
				CLANG_ENABLE_OBJC_ARC = YES;
				CLANG_ENABLE_OBJC_WEAK = YES;
				CLANG_WARN_BLOCK_CAPTURE_AUTORELEASING = YES;
				CLANG_WARN_BOOL_CONVERSION = YES;
				CLANG_WARN_COMMA = YES;
				CLANG_WARN_CONSTANT_CONVERSION = YES;
				CLANG_WARN_DEPRECATED_OBJC_IMPLEMENTATIONS = YES;
				CLANG_WARN_DIRECT_OBJC_ISA_USAGE = YES_ERROR;
				CLANG_WARN_DOCUMENTATION_COMMENTS = YES;
				CLANG_WARN_EMPTY_BODY = YES;
				CLANG_WARN_ENUM_CONVERSION = YES;
				CLANG_WARN_INFINITE_RECURSION = YES;
				CLANG_WARN_INT_CONVERSION = YES;
				CLANG_WARN_NON_LITERAL_NULL_CONVERSION = YES;
				CLANG_WARN_OBJC_IMPLICIT_RETAIN_SELF = YES;
				CLANG_WARN_OBJC_LITERAL_CONVERSION = YES;
				CLANG_WARN_OBJC_ROOT_CLASS = YES_ERROR;
				CLANG_WARN_QUOTED_INCLUDE_IN_FRAMEWORK_HEADER = YES;
				CLANG_WARN_RANGE_LOOP_ANALYSIS = YES;
				CLANG_WARN_STRICT_PROTOTYPES = YES;
				CLANG_WARN_SUSPICIOUS_MOVE = YES;
				CLANG_WARN_UNGUARDED_AVAILABILITY = YES_AGGRESSIVE;
				CLANG_WARN_UNREACHABLE_CODE = YES;
				CLANG_WARN__DUPLICATE_METHOD_MATCH = YES;
				COPY_PHASE_STRIP = NO;
				DEBUG_INFORMATION_FORMAT = "dwarf-with-dsym";
				ENABLE_NS_ASSERTIONS = NO;
				ENABLE_STRICT_OBJC_MSGSEND = YES;
				GCC_C_LANGUAGE_STANDARD = gnu11;
				GCC_NO_COMMON_BLOCKS = YES;
				GCC_WARN_64_TO_32_BIT_CONVERSION = YES;
				GCC_WARN_ABOUT_RETURN_TYPE = YES_ERROR;
				GCC_WARN_UNDECLARED_SELECTOR = YES;
				GCC_WARN_UNINITIALIZED_AUTOS = YES_AGGRESSIVE;
				GCC_WARN_UNUSED_FUNCTION = YES;
				GCC_WARN_UNUSED_VARIABLE = YES;
				MACOSX_DEPLOYMENT_TARGET = 11.1;
				MTL_ENABLE_DEBUG_INFO = NO;
				MTL_FAST_MATH = YES;
				SDKROOT = macosx;
			};
			name = Release;
		};
		A8A84B31259DD76400484497 /* Debug */ = {
			isa = XCBuildConfiguration;
			buildSettings = {
				CODE_SIGN_IDENTITY = "-";
				CODE_SIGN_STYLE = Automatic;
				DEVELOPMENT_TEAM = SXUV35F24Y;
				ENABLE_HARDENED_RUNTIME = YES;
				PRODUCT_NAME = "$(TARGET_NAME)";
			};
			name = Debug;
		};
		A8A84B32259DD76400484497 /* Release */ = {
			isa = XCBuildConfiguration;
			buildSettings = {
				CODE_SIGN_IDENTITY = "-";
				CODE_SIGN_STYLE = Automatic;
				DEVELOPMENT_TEAM = SXUV35F24Y;
				ENABLE_HARDENED_RUNTIME = YES;
				PRODUCT_NAME = "$(TARGET_NAME)";
			};
			name = Release;
		};
/* End XCBuildConfiguration section */

/* Begin XCConfigurationList section */
		A8A84B24259DD76400484497 /* Build configuration list for PBXProject "OnlineJudge" */ = {
			isa = XCConfigurationList;
			buildConfigurations = (
				A8A84B2E259DD76400484497 /* Debug */,
				A8A84B2F259DD76400484497 /* Release */,
			);
			defaultConfigurationIsVisible = 0;
			defaultConfigurationName = Release;
		};
		A8A84B30259DD76400484497 /* Build configuration list for PBXNativeTarget "OnlineJudge" */ = {
			isa = XCConfigurationList;
			buildConfigurations = (
				A8A84B31259DD76400484497 /* Debug */,
				A8A84B32259DD76400484497 /* Release */,
			);
			defaultConfigurationIsVisible = 0;
			defaultConfigurationName = Release;
		};
/* End XCConfigurationList section */
	};
	rootObject = A8A84B21259DD76400484497 /* Project object */;
}
