// !$*UTF8*$!
{
	archiveVersion = 1;
	classes = {
	};
	objectVersion = 50;
	objects = {

/* Begin PBXBuildFile section */
		A82B6B0225B07A6700372703 /* S9.cpp in Sources */ = {isa = PBXBuildFile; fileRef = A82B6B0125B07A6700372703 /* S9.cpp */; };
		A82B6B0525B082FE00372703 /* S10.cpp in Sources */ = {isa = PBXBuildFile; fileRef = A82B6B0425B082FE00372703 /* S10.cpp */; };
		A82B6B0825B1194900372703 /* S11.cpp in Sources */ = {isa = PBXBuildFile; fileRef = A82B6B0725B1194900372703 /* S11.cpp */; };
		A82B6B0B25B131CF00372703 /* S12.cpp in Sources */ = {isa = PBXBuildFile; fileRef = A82B6B0A25B131CF00372703 /* S12.cpp */; };
		A82B6B0E25B1369700372703 /* S13.cpp in Sources */ = {isa = PBXBuildFile; fileRef = A82B6B0D25B1369700372703 /* S13.cpp */; };
		A82B6B1525B165B900372703 /* S14.cpp in Sources */ = {isa = PBXBuildFile; fileRef = A82B6B1425B165B900372703 /* S14.cpp */; };
		A82B6B1B25B1D8C300372703 /* S15.cpp in Sources */ = {isa = PBXBuildFile; fileRef = A82B6B1A25B1D8C300372703 /* S15.cpp */; };
		A833C1AE257A0DB800FD90A8 /* Odd Sum.cpp in Sources */ = {isa = PBXBuildFile; fileRef = A833C1AD257A0DB800FD90A8 /* Odd Sum.cpp */; };
		A846F75C2576637C00FB58F1 /* Parity.cpp in Sources */ = {isa = PBXBuildFile; fileRef = A846F75B2576637C00FB58F1 /* Parity.cpp */; };
		A846F75F25766C9E00FB58F1 /* DNA Sorting.cpp in Sources */ = {isa = PBXBuildFile; fileRef = A846F75E25766C9E00FB58F1 /* DNA Sorting.cpp */; };
		A86861002575203C003FBFEA /* Prime Cuts.cpp in Sources */ = {isa = PBXBuildFile; fileRef = A86860FF2575203C003FBFEA /* Prime Cuts.cpp */; };
		A89903032588631E00AE7723 /* Stamps and Envelope Size.cpp in Sources */ = {isa = PBXBuildFile; fileRef = A89903022588631E00AE7723 /* Stamps and Envelope Size.cpp */; };
		A899218825B65F1800F67521 /* 1.cpp in Sources */ = {isa = PBXBuildFile; fileRef = A899218725B65F1800F67521 /* 1.cpp */; };
		A8A8C0F4257305220098BA35 /* Palindrome.cpp in Sources */ = {isa = PBXBuildFile; fileRef = A8A8C0F2257305220098BA35 /* Palindrome.cpp */; };
		A8A8C0F725730CCA0098BA35 /* Add bricks in the wall.cpp in Sources */ = {isa = PBXBuildFile; fileRef = A8A8C0F625730CCA0098BA35 /* Add bricks in the wall.cpp */; };
		A8A8C0FB25733B8A0098BA35 /* Number Maze.cpp in Sources */ = {isa = PBXBuildFile; fileRef = A8A8C0FA25733B8A0098BA35 /* Number Maze.cpp */; };
		A8A8C0FF257364830098BA35 /* Continents.cpp in Sources */ = {isa = PBXBuildFile; fileRef = A8A8C0FE257364830098BA35 /* Continents.cpp */; };
		A8AEDC6E25410BB100939F87 /* main.cpp in Sources */ = {isa = PBXBuildFile; fileRef = A8AEDC6D25410BB100939F87 /* main.cpp */; };
		A8C1DB0F2579D4A100525B99 /* Nice Licence Plates.cpp in Sources */ = {isa = PBXBuildFile; fileRef = A8C1DB0E2579D4A100525B99 /* Nice Licence Plates.cpp */; };
		A8C1DB122579DFE400525B99 /* Reverse and Add.cpp in Sources */ = {isa = PBXBuildFile; fileRef = A8C1DB112579DFE400525B99 /* Reverse and Add.cpp */; };
		A8C7B328257B2B5500347E8D /* Box of Bricks.cpp in Sources */ = {isa = PBXBuildFile; fileRef = A8C7B327257B2B5500347E8D /* Box of Bricks.cpp */; };
		A8C7B32B257B31B000347E8D /* ClockHands.cpp in Sources */ = {isa = PBXBuildFile; fileRef = A8C7B32A257B31B000347E8D /* ClockHands.cpp */; };
		A8C7B32E257B5AF400347E8D /* Frogger.cpp in Sources */ = {isa = PBXBuildFile; fileRef = A8C7B32D257B5AF400347E8D /* Frogger.cpp */; };
		A8EF5BCF259550B2007C4D93 /* A.cpp in Sources */ = {isa = PBXBuildFile; fileRef = A8EF5BCE259550B2007C4D93 /* A.cpp */; };
		A8F11BD7257CA82700FA655F /* John's trip.cpp in Sources */ = {isa = PBXBuildFile; fileRef = A8F11BD6257CA82700FA655F /* John's trip.cpp */; };
		A8FF367E257A5DD8000B84CA /* 2 the 9s.cpp in Sources */ = {isa = PBXBuildFile; fileRef = A8FF367D257A5DD8000B84CA /* 2 the 9s.cpp */; };
/* End PBXBuildFile section */

/* Begin PBXCopyFilesBuildPhase section */
		A8AEDC6825410BB100939F87 /* CopyFiles */ = {
			isa = PBXCopyFilesBuildPhase;
			buildActionMask = 2147483647;
			dstPath = /usr/share/man/man1/;
			dstSubfolderSpec = 0;
			files = (
			);
			runOnlyForDeploymentPostprocessing = 1;
		};
/* End PBXCopyFilesBuildPhase section */

/* Begin PBXFileReference section */
		A82B6B0125B07A6700372703 /* S9.cpp */ = {isa = PBXFileReference; lastKnownFileType = sourcecode.cpp.cpp; path = S9.cpp; sourceTree = "<group>"; };
		A82B6B0425B082FE00372703 /* S10.cpp */ = {isa = PBXFileReference; lastKnownFileType = sourcecode.cpp.cpp; path = S10.cpp; sourceTree = "<group>"; };
		A82B6B0725B1194900372703 /* S11.cpp */ = {isa = PBXFileReference; lastKnownFileType = sourcecode.cpp.cpp; path = S11.cpp; sourceTree = "<group>"; };
		A82B6B0A25B131CF00372703 /* S12.cpp */ = {isa = PBXFileReference; lastKnownFileType = sourcecode.cpp.cpp; path = S12.cpp; sourceTree = "<group>"; };
		A82B6B0D25B1369700372703 /* S13.cpp */ = {isa = PBXFileReference; lastKnownFileType = sourcecode.cpp.cpp; path = S13.cpp; sourceTree = "<group>"; };
		A82B6B1025B13A1D00372703 /* gradeFile.txt */ = {isa = PBXFileReference; lastKnownFileType = text; path = gradeFile.txt; sourceTree = "<group>"; };
		A82B6B1225B1625500372703 /* gradeFile2 */ = {isa = PBXFileReference; lastKnownFileType = text; path = gradeFile2; sourceTree = "<group>"; };
		A82B6B1425B165B900372703 /* S14.cpp */ = {isa = PBXFileReference; lastKnownFileType = sourcecode.cpp.cpp; path = S14.cpp; sourceTree = "<group>"; };
		A82B6B1725B183E400372703 /* 1.txt */ = {isa = PBXFileReference; lastKnownFileType = text; path = 1.txt; sourceTree = "<group>"; };
		A82B6B1825B183E400372703 /* 2.txt */ = {isa = PBXFileReference; lastKnownFileType = text; path = 2.txt; sourceTree = "<group>"; };
		A82B6B1A25B1D8C300372703 /* S15.cpp */ = {isa = PBXFileReference; lastKnownFileType = sourcecode.cpp.cpp; path = S15.cpp; sourceTree = "<group>"; };
		A833C1AD257A0DB800FD90A8 /* Odd Sum.cpp */ = {isa = PBXFileReference; lastKnownFileType = sourcecode.cpp.cpp; path = "Odd Sum.cpp"; sourceTree = "<group>"; };
		A846F75B2576637C00FB58F1 /* Parity.cpp */ = {isa = PBXFileReference; lastKnownFileType = sourcecode.cpp.cpp; path = Parity.cpp; sourceTree = "<group>"; };
		A846F75E25766C9E00FB58F1 /* DNA Sorting.cpp */ = {isa = PBXFileReference; lastKnownFileType = sourcecode.cpp.cpp; path = "DNA Sorting.cpp"; sourceTree = "<group>"; };
		A86860FF2575203C003FBFEA /* Prime Cuts.cpp */ = {isa = PBXFileReference; lastKnownFileType = sourcecode.cpp.cpp; path = "Prime Cuts.cpp"; sourceTree = "<group>"; };
		A89903022588631E00AE7723 /* Stamps and Envelope Size.cpp */ = {isa = PBXFileReference; lastKnownFileType = sourcecode.cpp.cpp; path = "Stamps and Envelope Size.cpp"; sourceTree = "<group>"; };
		A899218725B65F1800F67521 /* 1.cpp */ = {isa = PBXFileReference; fileEncoding = 4; lastKnownFileType = sourcecode.cpp.cpp; path = 1.cpp; sourceTree = "<group>"; };
		A899218A25B65F6000F67521 /* clientFile1.txt */ = {isa = PBXFileReference; lastKnownFileType = text; name = clientFile1.txt; path = ../../../Downloads/1093548/S1093548_Problem_C/clientFile1.txt; sourceTree = "<group>"; };
		A8A8C0F2257305220098BA35 /* Palindrome.cpp */ = {isa = PBXFileReference; lastKnownFileType = sourcecode.cpp.cpp; path = Palindrome.cpp; sourceTree = "<group>"; };
		A8A8C0F625730CCA0098BA35 /* Add bricks in the wall.cpp */ = {isa = PBXFileReference; lastKnownFileType = sourcecode.cpp.cpp; path = "Add bricks in the wall.cpp"; sourceTree = "<group>"; };
		A8A8C0FA25733B8A0098BA35 /* Number Maze.cpp */ = {isa = PBXFileReference; lastKnownFileType = sourcecode.cpp.cpp; path = "Number Maze.cpp"; sourceTree = "<group>"; };
		A8A8C0FE257364830098BA35 /* Continents.cpp */ = {isa = PBXFileReference; lastKnownFileType = sourcecode.cpp.cpp; path = Continents.cpp; sourceTree = "<group>"; };
		A8AEDC6A25410BB100939F87 /* CPE */ = {isa = PBXFileReference; explicitFileType = "compiled.mach-o.executable"; includeInIndex = 0; path = CPE; sourceTree = BUILT_PRODUCTS_DIR; };
		A8AEDC6D25410BB100939F87 /* main.cpp */ = {isa = PBXFileReference; lastKnownFileType = sourcecode.cpp.cpp; path = main.cpp; sourceTree = "<group>"; };
		A8C1DB0E2579D4A100525B99 /* Nice Licence Plates.cpp */ = {isa = PBXFileReference; lastKnownFileType = sourcecode.cpp.cpp; path = "Nice Licence Plates.cpp"; sourceTree = "<group>"; };
		A8C1DB112579DFE400525B99 /* Reverse and Add.cpp */ = {isa = PBXFileReference; lastKnownFileType = sourcecode.cpp.cpp; path = "Reverse and Add.cpp"; sourceTree = "<group>"; };
		A8C7B327257B2B5500347E8D /* Box of Bricks.cpp */ = {isa = PBXFileReference; lastKnownFileType = sourcecode.cpp.cpp; path = "Box of Bricks.cpp"; sourceTree = "<group>"; };
		A8C7B32A257B31B000347E8D /* ClockHands.cpp */ = {isa = PBXFileReference; lastKnownFileType = sourcecode.cpp.cpp; path = ClockHands.cpp; sourceTree = "<group>"; };
		A8C7B32D257B5AF400347E8D /* Frogger.cpp */ = {isa = PBXFileReference; lastKnownFileType = sourcecode.cpp.cpp; path = Frogger.cpp; sourceTree = "<group>"; };
		A8EF5BCE259550B2007C4D93 /* A.cpp */ = {isa = PBXFileReference; lastKnownFileType = sourcecode.cpp.cpp; path = A.cpp; sourceTree = "<group>"; };
		A8F11BD6257CA82700FA655F /* John's trip.cpp */ = {isa = PBXFileReference; lastKnownFileType = sourcecode.cpp.cpp; path = "John's trip.cpp"; sourceTree = "<group>"; };
		A8FF367D257A5DD8000B84CA /* 2 the 9s.cpp */ = {isa = PBXFileReference; lastKnownFileType = sourcecode.cpp.cpp; path = "2 the 9s.cpp"; sourceTree = "<group>"; };
/* End PBXFileReference section */

/* Begin PBXFrameworksBuildPhase section */
		A8AEDC6725410BB100939F87 /* Frameworks */ = {
			isa = PBXFrameworksBuildPhase;
			buildActionMask = 2147483647;
			files = (
			);
			runOnlyForDeploymentPostprocessing = 0;
		};
/* End PBXFrameworksBuildPhase section */

/* Begin PBXGroup section */
		A8AEDC6125410BB100939F87 = {
			isa = PBXGroup;
			children = (
				A8AEDC6C25410BB100939F87 /* CPE */,
				A8AEDC6B25410BB100939F87 /* Products */,
			);
			sourceTree = "<group>";
		};
		A8AEDC6B25410BB100939F87 /* Products */ = {
			isa = PBXGroup;
			children = (
				A8AEDC6A25410BB100939F87 /* CPE */,
			);
			name = Products;
			sourceTree = "<group>";
		};
		A8AEDC6C25410BB100939F87 /* CPE */ = {
			isa = PBXGroup;
			children = (
				A8AEDC6D25410BB100939F87 /* main.cpp */,
				A8A8C0F2257305220098BA35 /* Palindrome.cpp */,
				A8A8C0F625730CCA0098BA35 /* Add bricks in the wall.cpp */,
				A8A8C0FA25733B8A0098BA35 /* Number Maze.cpp */,
				A89903022588631E00AE7723 /* Stamps and Envelope Size.cpp */,
				A8F11BD6257CA82700FA655F /* John's trip.cpp */,
				A846F75B2576637C00FB58F1 /* Parity.cpp */,
				A8A8C0FE257364830098BA35 /* Continents.cpp */,
				A8C1DB112579DFE400525B99 /* Reverse and Add.cpp */,
				A82B6B1025B13A1D00372703 /* gradeFile.txt */,
				A833C1AD257A0DB800FD90A8 /* Odd Sum.cpp */,
				A8FF367D257A5DD8000B84CA /* 2 the 9s.cpp */,
				A82B6B1225B1625500372703 /* gradeFile2 */,
				A8C7B327257B2B5500347E8D /* Box of Bricks.cpp */,
				A8C7B32A257B31B000347E8D /* ClockHands.cpp */,
				A846F75E25766C9E00FB58F1 /* DNA Sorting.cpp */,
				A82B6B1725B183E400372703 /* 1.txt */,
				A899218A25B65F6000F67521 /* clientFile1.txt */,
				A82B6B1825B183E400372703 /* 2.txt */,
				A8C7B32D257B5AF400347E8D /* Frogger.cpp */,
				A8C1DB0E2579D4A100525B99 /* Nice Licence Plates.cpp */,
				A899218725B65F1800F67521 /* 1.cpp */,
				A86860FF2575203C003FBFEA /* Prime Cuts.cpp */,
				A8EF5BCE259550B2007C4D93 /* A.cpp */,
				A82B6B0125B07A6700372703 /* S9.cpp */,
				A82B6B0425B082FE00372703 /* S10.cpp */,
				A82B6B0725B1194900372703 /* S11.cpp */,
				A82B6B0A25B131CF00372703 /* S12.cpp */,
				A82B6B0D25B1369700372703 /* S13.cpp */,
				A82B6B1425B165B900372703 /* S14.cpp */,
				A82B6B1A25B1D8C300372703 /* S15.cpp */,
			);
			path = CPE;
			sourceTree = "<group>";
		};
/* End PBXGroup section */

/* Begin PBXNativeTarget section */
		A8AEDC6925410BB100939F87 /* CPE */ = {
			isa = PBXNativeTarget;
			buildConfigurationList = A8AEDC7125410BB100939F87 /* Build configuration list for PBXNativeTarget "CPE" */;
			buildPhases = (
				A8AEDC6625410BB100939F87 /* Sources */,
				A8AEDC6725410BB100939F87 /* Frameworks */,
				A8AEDC6825410BB100939F87 /* CopyFiles */,
			);
			buildRules = (
			);
			dependencies = (
			);
			name = CPE;
			productName = CPE;
			productReference = A8AEDC6A25410BB100939F87 /* CPE */;
			productType = "com.apple.product-type.tool";
		};
/* End PBXNativeTarget section */

/* Begin PBXProject section */
		A8AEDC6225410BB100939F87 /* Project object */ = {
			isa = PBXProject;
			attributes = {
				LastUpgradeCheck = 1220;
				TargetAttributes = {
					A8AEDC6925410BB100939F87 = {
						CreatedOnToolsVersion = 12.1;
					};
				};
			};
			buildConfigurationList = A8AEDC6525410BB100939F87 /* Build configuration list for PBXProject "CPE" */;
			compatibilityVersion = "Xcode 9.3";
			developmentRegion = en;
			hasScannedForEncodings = 0;
			knownRegions = (
				en,
				Base,
			);
			mainGroup = A8AEDC6125410BB100939F87;
			productRefGroup = A8AEDC6B25410BB100939F87 /* Products */;
			projectDirPath = "";
			projectRoot = "";
			targets = (
				A8AEDC6925410BB100939F87 /* CPE */,
			);
		};
/* End PBXProject section */

/* Begin PBXSourcesBuildPhase section */
		A8AEDC6625410BB100939F87 /* Sources */ = {
			isa = PBXSourcesBuildPhase;
			buildActionMask = 2147483647;
			files = (
				A82B6B1525B165B900372703 /* S14.cpp in Sources */,
				A8A8C0FF257364830098BA35 /* Continents.cpp in Sources */,
				A8C7B32B257B31B000347E8D /* ClockHands.cpp in Sources */,
				A8C7B32E257B5AF400347E8D /* Frogger.cpp in Sources */,
				A846F75F25766C9E00FB58F1 /* DNA Sorting.cpp in Sources */,
				A86861002575203C003FBFEA /* Prime Cuts.cpp in Sources */,
				A8A8C0F4257305220098BA35 /* Palindrome.cpp in Sources */,
				A8C7B328257B2B5500347E8D /* Box of Bricks.cpp in Sources */,
				A8AEDC6E25410BB100939F87 /* main.cpp in Sources */,
				A82B6B0B25B131CF00372703 /* S12.cpp in Sources */,
				A82B6B0225B07A6700372703 /* S9.cpp in Sources */,
				A8F11BD7257CA82700FA655F /* John's trip.cpp in Sources */,
				A8C1DB0F2579D4A100525B99 /* Nice Licence Plates.cpp in Sources */,
				A899218825B65F1800F67521 /* 1.cpp in Sources */,
				A8A8C0FB25733B8A0098BA35 /* Number Maze.cpp in Sources */,
				A82B6B0525B082FE00372703 /* S10.cpp in Sources */,
				A833C1AE257A0DB800FD90A8 /* Odd Sum.cpp in Sources */,
				A8FF367E257A5DD8000B84CA /* 2 the 9s.cpp in Sources */,
				A8A8C0F725730CCA0098BA35 /* Add bricks in the wall.cpp in Sources */,
				A8C1DB122579DFE400525B99 /* Reverse and Add.cpp in Sources */,
				A8EF5BCF259550B2007C4D93 /* A.cpp in Sources */,
				A82B6B0825B1194900372703 /* S11.cpp in Sources */,
				A82B6B0E25B1369700372703 /* S13.cpp in Sources */,
				A82B6B1B25B1D8C300372703 /* S15.cpp in Sources */,
				A846F75C2576637C00FB58F1 /* Parity.cpp in Sources */,
				A89903032588631E00AE7723 /* Stamps and Envelope Size.cpp in Sources */,
			);
			runOnlyForDeploymentPostprocessing = 0;
		};
/* End PBXSourcesBuildPhase section */

/* Begin XCBuildConfiguration section */
		A8AEDC6F25410BB100939F87 /* Debug */ = {
			isa = XCBuildConfiguration;
			buildSettings = {
				ALWAYS_SEARCH_USER_PATHS = NO;
				CLANG_ANALYZER_NONNULL = YES;
				CLANG_ANALYZER_NUMBER_OBJECT_CONVERSION = YES_AGGRESSIVE;
				CLANG_CXX_LANGUAGE_STANDARD = "gnu++14";
				CLANG_CXX_LIBRARY = "libc++";
				CLANG_ENABLE_MODULES = YES;
				CLANG_ENABLE_OBJC_ARC = YES;
				CLANG_ENABLE_OBJC_WEAK = YES;
				CLANG_WARN_BLOCK_CAPTURE_AUTORELEASING = YES;
				CLANG_WARN_BOOL_CONVERSION = YES;
				CLANG_WARN_COMMA = YES;
				CLANG_WARN_CONSTANT_CONVERSION = YES;
				CLANG_WARN_DEPRECATED_OBJC_IMPLEMENTATIONS = YES;
				CLANG_WARN_DIRECT_OBJC_ISA_USAGE = YES_ERROR;
				CLANG_WARN_DOCUMENTATION_COMMENTS = YES;
				CLANG_WARN_EMPTY_BODY = YES;
				CLANG_WARN_ENUM_CONVERSION = YES;
				CLANG_WARN_INFINITE_RECURSION = YES;
				CLANG_WARN_INT_CONVERSION = YES;
				CLANG_WARN_NON_LITERAL_NULL_CONVERSION = YES;
				CLANG_WARN_OBJC_IMPLICIT_RETAIN_SELF = YES;
				CLANG_WARN_OBJC_LITERAL_CONVERSION = YES;
				CLANG_WARN_OBJC_ROOT_CLASS = YES_ERROR;
				CLANG_WARN_QUOTED_INCLUDE_IN_FRAMEWORK_HEADER = YES;
				CLANG_WARN_RANGE_LOOP_ANALYSIS = YES;
				CLANG_WARN_STRICT_PROTOTYPES = YES;
				CLANG_WARN_SUSPICIOUS_MOVE = YES;
				CLANG_WARN_UNGUARDED_AVAILABILITY = YES_AGGRESSIVE;
				CLANG_WARN_UNREACHABLE_CODE = YES;
				CLANG_WARN__DUPLICATE_METHOD_MATCH = YES;
				COPY_PHASE_STRIP = NO;
				DEBUG_INFORMATION_FORMAT = dwarf;
				ENABLE_STRICT_OBJC_MSGSEND = YES;
				ENABLE_TESTABILITY = YES;
				GCC_C_LANGUAGE_STANDARD = gnu11;
				GCC_DYNAMIC_NO_PIC = NO;
				GCC_NO_COMMON_BLOCKS = YES;
				GCC_OPTIMIZATION_LEVEL = 0;
				GCC_PREPROCESSOR_DEFINITIONS = (
					"DEBUG=1",
					"$(inherited)",
				);
				GCC_WARN_64_TO_32_BIT_CONVERSION = YES;
				GCC_WARN_ABOUT_RETURN_TYPE = YES_ERROR;
				GCC_WARN_UNDECLARED_SELECTOR = YES;
				GCC_WARN_UNINITIALIZED_AUTOS = YES_AGGRESSIVE;
				GCC_WARN_UNUSED_FUNCTION = YES;
				GCC_WARN_UNUSED_VARIABLE = YES;
				MACOSX_DEPLOYMENT_TARGET = 10.15;
				MTL_ENABLE_DEBUG_INFO = INCLUDE_SOURCE;
				MTL_FAST_MATH = YES;
				ONLY_ACTIVE_ARCH = YES;
				SDKROOT = macosx;
			};
			name = Debug;
		};
		A8AEDC7025410BB100939F87 /* Release */ = {
			isa = XCBuildConfiguration;
			buildSettings = {
				ALWAYS_SEARCH_USER_PATHS = NO;
				CLANG_ANALYZER_NONNULL = YES;
				CLANG_ANALYZER_NUMBER_OBJECT_CONVERSION = YES_AGGRESSIVE;
				CLANG_CXX_LANGUAGE_STANDARD = "gnu++14";
				CLANG_CXX_LIBRARY = "libc++";
				CLANG_ENABLE_MODULES = YES;
				CLANG_ENABLE_OBJC_ARC = YES;
				CLANG_ENABLE_OBJC_WEAK = YES;
				CLANG_WARN_BLOCK_CAPTURE_AUTORELEASING = YES;
				CLANG_WARN_BOOL_CONVERSION = YES;
				CLANG_WARN_COMMA = YES;
				CLANG_WARN_CONSTANT_CONVERSION = YES;
				CLANG_WARN_DEPRECATED_OBJC_IMPLEMENTATIONS = YES;
				CLANG_WARN_DIRECT_OBJC_ISA_USAGE = YES_ERROR;
				CLANG_WARN_DOCUMENTATION_COMMENTS = YES;
				CLANG_WARN_EMPTY_BODY = YES;
				CLANG_WARN_ENUM_CONVERSION = YES;
				CLANG_WARN_INFINITE_RECURSION = YES;
				CLANG_WARN_INT_CONVERSION = YES;
				CLANG_WARN_NON_LITERAL_NULL_CONVERSION = YES;
				CLANG_WARN_OBJC_IMPLICIT_RETAIN_SELF = YES;
				CLANG_WARN_OBJC_LITERAL_CONVERSION = YES;
				CLANG_WARN_OBJC_ROOT_CLASS = YES_ERROR;
				CLANG_WARN_QUOTED_INCLUDE_IN_FRAMEWORK_HEADER = YES;
				CLANG_WARN_RANGE_LOOP_ANALYSIS = YES;
				CLANG_WARN_STRICT_PROTOTYPES = YES;
				CLANG_WARN_SUSPICIOUS_MOVE = YES;
				CLANG_WARN_UNGUARDED_AVAILABILITY = YES_AGGRESSIVE;
				CLANG_WARN_UNREACHABLE_CODE = YES;
				CLANG_WARN__DUPLICATE_METHOD_MATCH = YES;
				COPY_PHASE_STRIP = NO;
				DEBUG_INFORMATION_FORMAT = "dwarf-with-dsym";
				ENABLE_NS_ASSERTIONS = NO;
				ENABLE_STRICT_OBJC_MSGSEND = YES;
				GCC_C_LANGUAGE_STANDARD = gnu11;
				GCC_NO_COMMON_BLOCKS = YES;
				GCC_WARN_64_TO_32_BIT_CONVERSION = YES;
				GCC_WARN_ABOUT_RETURN_TYPE = YES_ERROR;
				GCC_WARN_UNDECLARED_SELECTOR = YES;
				GCC_WARN_UNINITIALIZED_AUTOS = YES_AGGRESSIVE;
				GCC_WARN_UNUSED_FUNCTION = YES;
				GCC_WARN_UNUSED_VARIABLE = YES;
				MACOSX_DEPLOYMENT_TARGET = 10.15;
				MTL_ENABLE_DEBUG_INFO = NO;
				MTL_FAST_MATH = YES;
				SDKROOT = macosx;
			};
			name = Release;
		};
		A8AEDC7225410BB100939F87 /* Debug */ = {
			isa = XCBuildConfiguration;
			buildSettings = {
				CODE_SIGN_IDENTITY = "-";
				CODE_SIGN_STYLE = Automatic;
				DEVELOPMENT_TEAM = SXUV35F24Y;
				ENABLE_HARDENED_RUNTIME = YES;
				PRODUCT_NAME = "$(TARGET_NAME)";
			};
			name = Debug;
		};
		A8AEDC7325410BB100939F87 /* Release */ = {
			isa = XCBuildConfiguration;
			buildSettings = {
				CODE_SIGN_IDENTITY = "-";
				CODE_SIGN_STYLE = Automatic;
				DEVELOPMENT_TEAM = SXUV35F24Y;
				ENABLE_HARDENED_RUNTIME = YES;
				PRODUCT_NAME = "$(TARGET_NAME)";
			};
			name = Release;
		};
/* End XCBuildConfiguration section */

/* Begin XCConfigurationList section */
		A8AEDC6525410BB100939F87 /* Build configuration list for PBXProject "CPE" */ = {
			isa = XCConfigurationList;
			buildConfigurations = (
				A8AEDC6F25410BB100939F87 /* Debug */,
				A8AEDC7025410BB100939F87 /* Release */,
			);
			defaultConfigurationIsVisible = 0;
			defaultConfigurationName = Release;
		};
		A8AEDC7125410BB100939F87 /* Build configuration list for PBXNativeTarget "CPE" */ = {
			isa = XCConfigurationList;
			buildConfigurations = (
				A8AEDC7225410BB100939F87 /* Debug */,
				A8AEDC7325410BB100939F87 /* Release */,
			);
			defaultConfigurationIsVisible = 0;
			defaultConfigurationName = Release;
		};
/* End XCConfigurationList section */
	};
	rootObject = A8AEDC6225410BB100939F87 /* Project object */;
}
